
Microsoft Visual Studio Solution File, Format Version 12.00
# Visual Studio Version 17
VisualStudioVersion = 17.7.34031.279
MinimumVisualStudioVersion = 10.0.40219.1
Project("{FAE04EC0-301F-11D3-BF4B-00C04F79EFBC}") = "MVVM", "MVVM\MVVM.csproj", "{F9D51956-E3F8-4C9E-8FD5-F46710E744D7}"
EndProject
Global
	GlobalSection(SolutionConfigurationPlatforms) = preSolution
		Debug|Any CPU = Debug|Any CPU
		Release|Any CPU = Release|Any CPU
	EndGlobalSection
	GlobalSection(ProjectConfigurationPlatforms) = postSolution
		{F9D51956-E3F8-4C9E-8FD5-F46710E744D7}.Debug|Any CPU.ActiveCfg = Debug|Any CPU
		{F9D51956-E3F8-4C9E-8FD5-F46710E744D7}.Debug|Any CPU.Build.0 = Debug|Any CPU
		{F9D51956-E3F8-4C9E-8FD5-F46710E744D7}.Release|Any CPU.ActiveCfg = Release|Any CPU
		{F9D51956-E3F8-4C9E-8FD5-F46710E744D7}.Release|Any CPU.Build.0 = Release|Any CPU
	EndGlobalSection
	GlobalSection(SolutionProperties) = preSolution
		HideSolutionNode = FALSE
	EndGlobalSection
	GlobalSection(ExtensibilityGlobals) = postSolution
		SolutionGuid = {48712B49-1058-4088-A61E-A5F66A8BB8C1}
	EndGlobalSection
EndGlobal
